{
  "originHash" : "6839f4bd29f2adb3d0e40e187448c3f9297ddd0401edecacf2e4f96cbdeff01d",
  "pins" : [
    {
      "identity" : "client-sdk-swift",
      "kind" : "remoteSourceControl",
      "location" : "https://github.com/livekit/client-sdk-swift",
      "state" : {
        "branch" : "hiroshi/adm-audioengine2",
        "revision" : "4b84621d2ff4f41b63badf2fe17201eb575dfe64"
      }
    },
    {
      "identity" : "components-swift",
      "kind" : "remoteSourceControl",
      "location" : "https://github.com/livekit/components-swift",
      "state" : {
        "revision" : "f640b51cf38687b77e598df035ce93720d04365a",
        "version" : "0.1.1"
      }
    },
    {
      "identity" : "swift-log",
      "kind" : "remoteSourceControl",
      "location" : "https://github.com/apple/swift-log.git",
      "state" : {
        "revision" : "96a2f8a0fa41e9e09af4585e2724c4e825410b91",
        "version" : "1.6.2"
      }
    },
    {
      "identity" : "swift-protobuf",
      "kind" : "remoteSourceControl",
      "location" : "https://github.com/apple/swift-protobuf.git",
      "state" : {
        "revision" : "ebc7251dd5b37f627c93698e4374084d98409633",
        "version" : "1.28.2"
      }
    },
    {
      "identity" : "webrtc-xcframework",
      "kind" : "remoteSourceControl",
      "location" : "https://github.com/livekit/webrtc-xcframework.git",
      "state" : {
        "revision" : "95e2365aa1623c3fe14ad7eaf18a8a0cb5e46c23",
        "version" : "125.6422.12-exp.4"
      }
    }
  ],
  "version" : 3
}
